PODS:
  - AutoNSCoding (0.1.3)
  - BBBadgeBarButtonItem (1.0)
  - BlocksKit (2.2.5):
    - BlocksKit/All
  - BlocksKit/All (2.2.5):
    - BlocksKit/Core
    - BlocksKit/DynamicDelegate
    - BlocksKit/MessageUI
    - BlocksKit/UIKit
  - BlocksKit/Core (2.2.5)
  - BlocksKit/DynamicDelegate (2.2.5)
  - BlocksKit/MessageUI (2.2.5):
    - BlocksKit/Core
    - BlocksKit/DynamicDelegate
  - BlocksKit/UIKit (2.2.5):
    - BlocksKit/Core
    - BlocksKit/DynamicDelegate
  - Classy (0.2.4)
  - ClassyLiveLayout (0.6.0):
    - Classy
    - Masonry
  - CocoaLumberjack (1.8.1):
    - CocoaLumberjack/Extensions
  - CocoaLumberjack/Core (1.8.1)
  - CocoaLumberjack/Extensions (1.8.1):
    - CocoaLumberjack/Core
  - ColorUtils (1.1.2)
  - DProperty (0.0.2)
  - Expecta (0.3.1)
  - GRKGradientView (1.0.2)
  - Mantle (1.5):
    - Mantle/extobjc
  - Mantle/extobjc (1.5)
  - Masonry (0.5.3)
  - MKNetworkKit (0.87):
    - Reachability (~> 3.1.0)
  - MMDrawerController (0.5.7):
    - MMDrawerController/Core
    - MMDrawerController/MMDrawerBarButtonItem
    - MMDrawerController/MMDrawerVisualStates
    - MMDrawerController/Subclass
  - MMDrawerController/Core (0.5.7)
  - MMDrawerController/MMDrawerBarButtonItem (0.5.7):
    - MMDrawerController/Core
  - MMDrawerController/MMDrawerVisualStates (0.5.7):
    - MMDrawerController/Core
  - MMDrawerController/Subclass (0.5.7):
    - MMDrawerController/Core
  - OCMock (3.1.1)
  - OLGhostAlertView (1.8.1)
  - Reachability (3.1.1)
  - RMMapper (1.1.5)
  - Specta (0.2.1)
  - UIImage+Dummy (0.0.2)

DEPENDENCIES:
  - AutoNSCoding
  - BBBadgeBarButtonItem
  - BlocksKit
  - Classy (from `https://github.com/cloudkite/Classy.git`, commit `00c05095d3`)
  - ClassyLiveLayout
  - CocoaLumberjack (~> 1.8.0)
  - ColorUtils
  - DProperty
  - Expecta
  - GRKGradientView
  - Mantle
  - Masonry
  - MKNetworkKit
  - MMDrawerController (~> 0.5.3)
  - OCMock
  - OLGhostAlertView (~> 1.7)
  - RMMapper
  - Specta
  - UIImage+Dummy

EXTERNAL SOURCES:
  Classy:
    :commit: 00c05095d3
    :git: https://github.com/cloudkite/Classy.git

SPEC CHECKSUMS:
  AutoNSCoding: ab4b371bec137db17a1a152f1a20325fb1572e88
  BBBadgeBarButtonItem: 9fd6089e0694ee1e9dfb96fb66fbcb4bfa22f3ee
  BlocksKit: 4439e7f30a9f90743462ca63545a15c1f4304cef
  Classy: 558fdea4332e29c9c5a2c7a8687c385e11ae463b
  ClassyLiveLayout: 264876c3a64dcc732e174796bdeaa40a6b7fff3b
  CocoaLumberjack: 9d198d6e19909b3b113a38c5f06f7bb8eedd0427
  ColorUtils: 2455988658eafc34f302a7d91113d7a9415d072c
  DProperty: 2a0f2a805ca6b1528262efa964baaca1a444defd
  Expecta: 03aabd0a89d8dea843baecb19a7fd7466a69a31d
  GRKGradientView: 678cb40f60c95424d6cd78c6e6b15833ef6a861d
  Mantle: c67a7e45e14196ed42b2a7cbb98ff6a9920e6b92
  Masonry: 35368c2ca9577ca87722c12fc52c4bad9b1c1516
  MKNetworkKit: 83e6296a8d42e98a71880424a889773654846d74
  MMDrawerController: c3ab7a318ddc7e2bcd133139c3161af08c6e1197
  OCMock: f6cb8c162ab9d5620dddf411282c7b2c0ee78854
  OLGhostAlertView: e059cce3d66667373458454852c69ba6a57be384
  Reachability: 8e9635e3cb4f98e7f825e51147f677ecc694d0e7
  RMMapper: a32a1cc09d9652a83965906197097d2256d229f6
  Specta: 9141310f46b1f68b676650ff2854e1ed0b74163a
  UIImage+Dummy: d7b13f675eab7d9086b7b40fd4b5369abb8c62a0

COCOAPODS: 0.34.1
